
Microsoft Visual Studio Solution File, Format Version 12.00
# Visual Studio Version 17
VisualStudioVersion = 17.4.32804.182
MinimumVisualStudioVersion = 10.0.40219.1
Project("{FAE04EC0-301F-11D3-BF4B-00C04F79EFBC}") = "Feedster.Web", "Feedster.Web\Feedster.Web.csproj", "{2EE311E0-99F8-408D-8291-130CA5D91CDB}"
EndProject
Global
	GlobalSection(SolutionConfigurationPlatforms) = preSolution
		Debug|Any CPU = Debug|Any CPU
		Release|Any CPU = Release|Any CPU
	EndGlobalSection
	GlobalSection(ProjectConfigurationPlatforms) = postSolution
		{2EE311E0-99F8-408D-8291-130CA5D91CDB}.Debug|Any CPU.ActiveCfg = Debug|Any CPU
		{2EE311E0-99F8-408D-8291-130CA5D91CDB}.Debug|Any CPU.Build.0 = Debug|Any CPU
		{2EE311E0-99F8-408D-8291-130CA5D91CDB}.Release|Any CPU.ActiveCfg = Release|Any CPU
		{2EE311E0-99F8-408D-8291-130CA5D91CDB}.Release|Any CPU.Build.0 = Release|Any CPU
	EndGlobalSection
	GlobalSection(SolutionProperties) = preSolution
		HideSolutionNode = FALSE
	EndGlobalSection
	GlobalSection(ExtensibilityGlobals) = postSolution
		SolutionGuid = {176A4966-DCDE-4C08-A0D0-8758EDB888FD}
	EndGlobalSection
EndGlobal
